{
  "name": "03_usingparcel",
  "version": "1.0.0",
  "lockfileVersion": 2,
  "requires": true,
  "packages": {
    "": {
      "name": "03_usingparcel",
      "version": "1.0.0",
      "license": "ISC",
      "dependencies": {
        "@faker-js/faker": "^6.0.0-alpha.3",
        "@types/google.maps": "^3.47.2",
        "google-maps": "^4.3.3"
      }
    },
    "node_modules/@faker-js/faker": {
      "version": "6.0.0-alpha.3",
      "resolved": "https://registry.npmjs.org/@faker-js/faker/-/faker-6.0.0-alpha.3.tgz",
      "integrity": "sha512-8B+7Jlwb9ogcoluzxB6AaSRZn2gnoewTA/WygAYhWNxkrFKjQL0TDXK6AW6uJlASMKl7qG/qbEVtpjLByuL0ZQ=="
    },
    "node_modules/@types/google.maps": {
      "version": "3.47.2",
      "resolved": "https://registry.npmjs.org/@types/google.maps/-/google.maps-3.47.2.tgz",
      "integrity": "sha512-mFmt428CY4UN49U8KH5J4RfcdkeRu6SZyPIXxU1MA0pnHb4pqn/c/whawTodB3pkKWe8F9fXfUlpBFsk9HucXw=="
    },
    "node_modules/@types/googlemaps": {
      "version": "3.43.3",
      "resolved": "https://registry.npmjs.org/@types/googlemaps/-/googlemaps-3.43.3.tgz",
      "integrity": "sha512-ZWNoz/O8MPEpiajvj7QiqCY8tTLFNqNZ/a+s+zTV58wFVNAvvqV4bdGfnsjTb5Cs4V6wEsLrX8XRhmnyYJ2Tdg==",
      "deprecated": "Types for the Google Maps browser API have moved to @types/google.maps. Note: these types are not for the googlemaps npm package, which is a Node API."
    },
    "node_modules/google-maps": {
      "version": "4.3.3",
      "resolved": "https://registry.npmjs.org/google-maps/-/google-maps-4.3.3.tgz",
      "integrity": "sha512-MQbEgBNQbGyV7mfS2tlFgW4EoGKLia24BvAl4a+kgsYWt4283kyPpaay/yKIsScQLr7nSUONaLNfOdMsCuJDEw==",
      "dependencies": {
        "@types/googlemaps": "^3.39.1"
      }
    }
  },
  "dependencies": {
    "@faker-js/faker": {
      "version": "6.0.0-alpha.3",
      "resolved": "https://registry.npmjs.org/@faker-js/faker/-/faker-6.0.0-alpha.3.tgz",
      "integrity": "sha512-8B+7Jlwb9ogcoluzxB6AaSRZn2gnoewTA/WygAYhWNxkrFKjQL0TDXK6AW6uJlASMKl7qG/qbEVtpjLByuL0ZQ=="
    },
    "@types/google.maps": {
      "version": "3.47.2",
      "resolved": "https://registry.npmjs.org/@types/google.maps/-/google.maps-3.47.2.tgz",
      "integrity": "sha512-mFmt428CY4UN49U8KH5J4RfcdkeRu6SZyPIXxU1MA0pnHb4pqn/c/whawTodB3pkKWe8F9fXfUlpBFsk9HucXw=="
    },
    "@types/googlemaps": {
      "version": "3.43.3",
      "resolved": "https://registry.npmjs.org/@types/googlemaps/-/googlemaps-3.43.3.tgz",
      "integrity": "sha512-ZWNoz/O8MPEpiajvj7QiqCY8tTLFNqNZ/a+s+zTV58wFVNAvvqV4bdGfnsjTb5Cs4V6wEsLrX8XRhmnyYJ2Tdg=="
    },
    "google-maps": {
      "version": "4.3.3",
      "resolved": "https://registry.npmjs.org/google-maps/-/google-maps-4.3.3.tgz",
      "integrity": "sha512-MQbEgBNQbGyV7mfS2tlFgW4EoGKLia24BvAl4a+kgsYWt4283kyPpaay/yKIsScQLr7nSUONaLNfOdMsCuJDEw==",
      "requires": {
        "@types/googlemaps": "^3.39.1"
      }
    }
  }
}
